// !$*UTF8*$!
{
	archiveVersion = 1;
	classes = {
	};
	objectVersion = 50;
	objects = {

/* Begin PBXBuildFile section */
		7BED1035240C2EFB00F8CEFB /* AppDelegate.swift in Sources */ = {isa = PBXBuildFile; fileRef = 7BED1034240C2EFB00F8CEFB /* AppDelegate.swift */; };
		7BED1037240C2EFB00F8CEFB /* SceneDelegate.swift in Sources */ = {isa = PBXBuildFile; fileRef = 7BED1036240C2EFB00F8CEFB /* SceneDelegate.swift */; };
		7BED103C240C2EFB00F8CEFB /* Main.storyboard in Resources */ = {isa = PBXBuildFile; fileRef = 7BED103A240C2EFB00F8CEFB /* Main.storyboard */; };
		7BED103F240C2EFB00F8CEFB /* ManagerBuddy.xcdatamodeld in Sources */ = {isa = PBXBuildFile; fileRef = 7BED103D240C2EFB00F8CEFB /* ManagerBuddy.xcdatamodeld */; };
		7BED1041240C2EFE00F8CEFB /* Assets.xcassets in Resources */ = {isa = PBXBuildFile; fileRef = 7BED1040240C2EFE00F8CEFB /* Assets.xcassets */; };
		7BED1044240C2EFE00F8CEFB /* LaunchScreen.storyboard in Resources */ = {isa = PBXBuildFile; fileRef = 7BED1042240C2EFE00F8CEFB /* LaunchScreen.storyboard */; };
		7BED104F240C2EFF00F8CEFB /* ManagerBuddyTests.swift in Sources */ = {isa = PBXBuildFile; fileRef = 7BED104E240C2EFF00F8CEFB /* ManagerBuddyTests.swift */; };
		7BED105A240C2EFF00F8CEFB /* ManagerBuddyUITests.swift in Sources */ = {isa = PBXBuildFile; fileRef = 7BED1059240C2EFF00F8CEFB /* ManagerBuddyUITests.swift */; };
/* End PBXBuildFile section */

/* Begin PBXContainerItemProxy section */
		7BED104B240C2EFF00F8CEFB /* PBXContainerItemProxy */ = {
			isa = PBXContainerItemProxy;
			containerPortal = 7BED1029240C2EFB00F8CEFB /* Project object */;
			proxyType = 1;
			remoteGlobalIDString = 7BED1030240C2EFB00F8CEFB;
			remoteInfo = ManagerBuddy;
		};
		7BED1056240C2EFF00F8CEFB /* PBXContainerItemProxy */ = {
			isa = PBXContainerItemProxy;
			containerPortal = 7BED1029240C2EFB00F8CEFB /* Project object */;
			proxyType = 1;
			remoteGlobalIDString = 7BED1030240C2EFB00F8CEFB;
			remoteInfo = ManagerBuddy;
		};
/* End PBXContainerItemProxy section */

/* Begin PBXFileReference section */
		7BED1031240C2EFB00F8CEFB /* ManagerBuddy.app */ = {isa = PBXFileReference; explicitFileType = wrapper.application; includeInIndex = 0; path = ManagerBuddy.app; sourceTree = BUILT_PRODUCTS_DIR; };
		7BED1034240C2EFB00F8CEFB /* AppDelegate.swift */ = {isa = PBXFileReference; lastKnownFileType = sourcecode.swift; path = AppDelegate.swift; sourceTree = "<group>"; };
		7BED1036240C2EFB00F8CEFB /* SceneDelegate.swift */ = {isa = PBXFileReference; lastKnownFileType = sourcecode.swift; path = SceneDelegate.swift; sourceTree = "<group>"; };
		7BED103B240C2EFB00F8CEFB /* Base */ = {isa = PBXFileReference; lastKnownFileType = file.storyboard; name = Base; path = Base.lproj/Main.storyboard; sourceTree = "<group>"; };
		7BED103E240C2EFB00F8CEFB /* ManagerBuddy.xcdatamodel */ = {isa = PBXFileReference; lastKnownFileType = wrapper.xcdatamodel; path = ManagerBuddy.xcdatamodel; sourceTree = "<group>"; };
		7BED1040240C2EFE00F8CEFB /* Assets.xcassets */ = {isa = PBXFileReference; lastKnownFileType = folder.assetcatalog; path = Assets.xcassets; sourceTree = "<group>"; };
		7BED1043240C2EFE00F8CEFB /* Base */ = {isa = PBXFileReference; lastKnownFileType = file.storyboard; name = Base; path = Base.lproj/LaunchScreen.storyboard; sourceTree = "<group>"; };
		7BED1045240C2EFE00F8CEFB /* Info.plist */ = {isa = PBXFileReference; lastKnownFileType = text.plist.xml; path = Info.plist; sourceTree = "<group>"; };
		7BED104A240C2EFF00F8CEFB /* ManagerBuddyTests.xctest */ = {isa = PBXFileReference; explicitFileType = wrapper.cfbundle; includeInIndex = 0; path = ManagerBuddyTests.xctest; sourceTree = BUILT_PRODUCTS_DIR; };
		7BED104E240C2EFF00F8CEFB /* ManagerBuddyTests.swift */ = {isa = PBXFileReference; lastKnownFileType = sourcecode.swift; path = ManagerBuddyTests.swift; sourceTree = "<group>"; };
		7BED1050240C2EFF00F8CEFB /* Info.plist */ = {isa = PBXFileReference; lastKnownFileType = text.plist.xml; path = Info.plist; sourceTree = "<group>"; };
		7BED1055240C2EFF00F8CEFB /* ManagerBuddyUITests.xctest */ = {isa = PBXFileReference; explicitFileType = wrapper.cfbundle; includeInIndex = 0; path = ManagerBuddyUITests.xctest; sourceTree = BUILT_PRODUCTS_DIR; };
		7BED1059240C2EFF00F8CEFB /* ManagerBuddyUITests.swift */ = {isa = PBXFileReference; lastKnownFileType = sourcecode.swift; path = ManagerBuddyUITests.swift; sourceTree = "<group>"; };
		7BED105B240C2EFF00F8CEFB /* Info.plist */ = {isa = PBXFileReference; lastKnownFileType = text.plist.xml; path = Info.plist; sourceTree = "<group>"; };
/* End PBXFileReference section */

/* Begin PBXFrameworksBuildPhase section */
		7BED102E240C2EFB00F8CEFB /* Frameworks */ = {
			isa = PBXFrameworksBuildPhase;
			buildActionMask = 2147483647;
			files = (
			);
			runOnlyForDeploymentPostprocessing = 0;
		};
		7BED1047240C2EFF00F8CEFB /* Frameworks */ = {
			isa = PBXFrameworksBuildPhase;
			buildActionMask = 2147483647;
			files = (
			);
			runOnlyForDeploymentPostprocessing = 0;
		};
		7BED1052240C2EFF00F8CEFB /* Frameworks */ = {
			isa = PBXFrameworksBuildPhase;
			buildActionMask = 2147483647;
			files = (
			);
			runOnlyForDeploymentPostprocessing = 0;
		};
/* End PBXFrameworksBuildPhase section */

/* Begin PBXGroup section */
		7BED1028240C2EFB00F8CEFB = {
			isa = PBXGroup;
			children = (
				7BED1033240C2EFB00F8CEFB /* ManagerBuddy */,
				7BED104D240C2EFF00F8CEFB /* ManagerBuddyTests */,
				7BED1058240C2EFF00F8CEFB /* ManagerBuddyUITests */,
				7BED1032240C2EFB00F8CEFB /* Products */,
			);
			sourceTree = "<group>";
		};
		7BED1032240C2EFB00F8CEFB /* Products */ = {
			isa = PBXGroup;
			children = (
				7BED1031240C2EFB00F8CEFB /* ManagerBuddy.app */,
				7BED104A240C2EFF00F8CEFB /* ManagerBuddyTests.xctest */,
				7BED1055240C2EFF00F8CEFB /* ManagerBuddyUITests.xctest */,
			);
			name = Products;
			sourceTree = "<group>";
		};
		7BED1033240C2EFB00F8CEFB /* ManagerBuddy */ = {
			isa = PBXGroup;
			children = (
				7BED1067240D53E600F8CEFB /* View */,
				7BED1069240D541E00F8CEFB /* Controller */,
				7BED1068240D53FB00F8CEFB /* ViewModel */,
				7BED106A240D542D00F8CEFB /* Model */,
				7BED1040240C2EFE00F8CEFB /* Assets.xcassets */,
				7BED1034240C2EFB00F8CEFB /* AppDelegate.swift */,
				7BED1036240C2EFB00F8CEFB /* SceneDelegate.swift */,
				7BED1045240C2EFE00F8CEFB /* Info.plist */,
				7BED103D240C2EFB00F8CEFB /* ManagerBuddy.xcdatamodeld */,
			);
			path = ManagerBuddy;
			sourceTree = "<group>";
		};
		7BED104D240C2EFF00F8CEFB /* ManagerBuddyTests */ = {
			isa = PBXGroup;
			children = (
				7BED104E240C2EFF00F8CEFB /* ManagerBuddyTests.swift */,
				7BED1050240C2EFF00F8CEFB /* Info.plist */,
			);
			path = ManagerBuddyTests;
			sourceTree = "<group>";
		};
		7BED1058240C2EFF00F8CEFB /* ManagerBuddyUITests */ = {
			isa = PBXGroup;
			children = (
				7BED1059240C2EFF00F8CEFB /* ManagerBuddyUITests.swift */,
				7BED105B240C2EFF00F8CEFB /* Info.plist */,
			);
			path = ManagerBuddyUITests;
			sourceTree = "<group>";
		};
		7BED1067240D53E600F8CEFB /* View */ = {
			isa = PBXGroup;
			children = (
				7BED103A240C2EFB00F8CEFB /* Main.storyboard */,
				7BED1042240C2EFE00F8CEFB /* LaunchScreen.storyboard */,
			);
			path = View;
			sourceTree = "<group>";
		};
		7BED1068240D53FB00F8CEFB /* ViewModel */ = {
			isa = PBXGroup;
			children = (
			);
			path = ViewModel;
			sourceTree = "<group>";
		};
		7BED1069240D541E00F8CEFB /* Controller */ = {
			isa = PBXGroup;
			children = (
			);
			path = Controller;
			sourceTree = "<group>";
		};
		7BED106A240D542D00F8CEFB /* Model */ = {
			isa = PBXGroup;
			children = (
			);
			path = Model;
			sourceTree = "<group>";
		};
/* End PBXGroup section */

/* Begin PBXNativeTarget section */
		7BED1030240C2EFB00F8CEFB /* ManagerBuddy */ = {
			isa = PBXNativeTarget;
			buildConfigurationList = 7BED105E240C2EFF00F8CEFB /* Build configuration list for PBXNativeTarget "ManagerBuddy" */;
			buildPhases = (
				7BED102D240C2EFB00F8CEFB /* Sources */,
				7BED102E240C2EFB00F8CEFB /* Frameworks */,
				7BED102F240C2EFB00F8CEFB /* Resources */,
			);
			buildRules = (
			);
			dependencies = (
			);
			name = ManagerBuddy;
			productName = ManagerBuddy;
			productReference = 7BED1031240C2EFB00F8CEFB /* ManagerBuddy.app */;
			productType = "com.apple.product-type.application";
		};
		7BED1049240C2EFF00F8CEFB /* ManagerBuddyTests */ = {
			isa = PBXNativeTarget;
			buildConfigurationList = 7BED1061240C2EFF00F8CEFB /* Build configuration list for PBXNativeTarget "ManagerBuddyTests" */;
			buildPhases = (
				7BED1046240C2EFF00F8CEFB /* Sources */,
				7BED1047240C2EFF00F8CEFB /* Frameworks */,
				7BED1048240C2EFF00F8CEFB /* Resources */,
			);
			buildRules = (
			);
			dependencies = (
				7BED104C240C2EFF00F8CEFB /* PBXTargetDependency */,
			);
			name = ManagerBuddyTests;
			productName = ManagerBuddyTests;
			productReference = 7BED104A240C2EFF00F8CEFB /* ManagerBuddyTests.xctest */;
			productType = "com.apple.product-type.bundle.unit-test";
		};
		7BED1054240C2EFF00F8CEFB /* ManagerBuddyUITests */ = {
			isa = PBXNativeTarget;
			buildConfigurationList = 7BED1064240C2EFF00F8CEFB /* Build configuration list for PBXNativeTarget "ManagerBuddyUITests" */;
			buildPhases = (
				7BED1051240C2EFF00F8CEFB /* Sources */,
				7BED1052240C2EFF00F8CEFB /* Frameworks */,
				7BED1053240C2EFF00F8CEFB /* Resources */,
			);
			buildRules = (
			);
			dependencies = (
				7BED1057240C2EFF00F8CEFB /* PBXTargetDependency */,
			);
			name = ManagerBuddyUITests;
			productName = ManagerBuddyUITests;
			productReference = 7BED1055240C2EFF00F8CEFB /* ManagerBuddyUITests.xctest */;
			productType = "com.apple.product-type.bundle.ui-testing";
		};
/* End PBXNativeTarget section */

/* Begin PBXProject section */
		7BED1029240C2EFB00F8CEFB /* Project object */ = {
			isa = PBXProject;
			attributes = {
				LastSwiftUpdateCheck = 1140;
				LastUpgradeCheck = 1140;
				ORGANIZATIONNAME = amitgajjar;
				TargetAttributes = {
					7BED1030240C2EFB00F8CEFB = {
						CreatedOnToolsVersion = 11.4;
					};
					7BED1049240C2EFF00F8CEFB = {
						CreatedOnToolsVersion = 11.4;
						TestTargetID = 7BED1030240C2EFB00F8CEFB;
					};
					7BED1054240C2EFF00F8CEFB = {
						CreatedOnToolsVersion = 11.4;
						TestTargetID = 7BED1030240C2EFB00F8CEFB;
					};
				};
			};
			buildConfigurationList = 7BED102C240C2EFB00F8CEFB /* Build configuration list for PBXProject "ManagerBuddy" */;
			compatibilityVersion = "Xcode 9.3";
			developmentRegion = en;
			hasScannedForEncodings = 0;
			knownRegions = (
				en,
				Base,
			);
			mainGroup = 7BED1028240C2EFB00F8CEFB;
			productRefGroup = 7BED1032240C2EFB00F8CEFB /* Products */;
			projectDirPath = "";
			projectRoot = "";
			targets = (
				7BED1030240C2EFB00F8CEFB /* ManagerBuddy */,
				7BED1049240C2EFF00F8CEFB /* ManagerBuddyTests */,
				7BED1054240C2EFF00F8CEFB /* ManagerBuddyUITests */,
			);
		};
/* End PBXProject section */

/* Begin PBXResourcesBuildPhase section */
		7BED102F240C2EFB00F8CEFB /* Resources */ = {
			isa = PBXResourcesBuildPhase;
			buildActionMask = 2147483647;
			files = (
				7BED1044240C2EFE00F8CEFB /* LaunchScreen.storyboard in Resources */,
				7BED1041240C2EFE00F8CEFB /* Assets.xcassets in Resources */,
				7BED103C240C2EFB00F8CEFB /* Main.storyboard in Resources */,
			);
			runOnlyForDeploymentPostprocessing = 0;
		};
		7BED1048240C2EFF00F8CEFB /* Resources */ = {
			isa = PBXResourcesBuildPhase;
			buildActionMask = 2147483647;
			files = (
			);
			runOnlyForDeploymentPostprocessing = 0;
		};
		7BED1053240C2EFF00F8CEFB /* Resources */ = {
			isa = PBXResourcesBuildPhase;
			buildActionMask = 2147483647;
			files = (
			);
			runOnlyForDeploymentPostprocessing = 0;
		};
/* End PBXResourcesBuildPhase section */

/* Begin PBXSourcesBuildPhase section */
		7BED102D240C2EFB00F8CEFB /* Sources */ = {
			isa = PBXSourcesBuildPhase;
			buildActionMask = 2147483647;
			files = (
				7BED103F240C2EFB00F8CEFB /* ManagerBuddy.xcdatamodeld in Sources */,
				7BED1035240C2EFB00F8CEFB /* AppDelegate.swift in Sources */,
				7BED1037240C2EFB00F8CEFB /* SceneDelegate.swift in Sources */,
			);
			runOnlyForDeploymentPostprocessing = 0;
		};
		7BED1046240C2EFF00F8CEFB /* Sources */ = {
			isa = PBXSourcesBuildPhase;
			buildActionMask = 2147483647;
			files = (
				7BED104F240C2EFF00F8CEFB /* ManagerBuddyTests.swift in Sources */,
			);
			runOnlyForDeploymentPostprocessing = 0;
		};
		7BED1051240C2EFF00F8CEFB /* Sources */ = {
			isa = PBXSourcesBuildPhase;
			buildActionMask = 2147483647;
			files = (
				7BED105A240C2EFF00F8CEFB /* ManagerBuddyUITests.swift in Sources */,
			);
			runOnlyForDeploymentPostprocessing = 0;
		};
/* End PBXSourcesBuildPhase section */

/* Begin PBXTargetDependency section */
		7BED104C240C2EFF00F8CEFB /* PBXTargetDependency */ = {
			isa = PBXTargetDependency;
			target = 7BED1030240C2EFB00F8CEFB /* ManagerBuddy */;
			targetProxy = 7BED104B240C2EFF00F8CEFB /* PBXContainerItemProxy */;
		};
		7BED1057240C2EFF00F8CEFB /* PBXTargetDependency */ = {
			isa = PBXTargetDependency;
			target = 7BED1030240C2EFB00F8CEFB /* ManagerBuddy */;
			targetProxy = 7BED1056240C2EFF00F8CEFB /* PBXContainerItemProxy */;
		};
/* End PBXTargetDependency section */

/* Begin PBXVariantGroup section */
		7BED103A240C2EFB00F8CEFB /* Main.storyboard */ = {
			isa = PBXVariantGroup;
			children = (
				7BED103B240C2EFB00F8CEFB /* Base */,
			);
			name = Main.storyboard;
			sourceTree = "<group>";
		};
		7BED1042240C2EFE00F8CEFB /* LaunchScreen.storyboard */ = {
			isa = PBXVariantGroup;
			children = (
				7BED1043240C2EFE00F8CEFB /* Base */,
			);
			name = LaunchScreen.storyboard;
			sourceTree = "<group>";
		};
/* End PBXVariantGroup section */

/* Begin XCBuildConfiguration section */
		7BED105C240C2EFF00F8CEFB /* Debug */ = {
			isa = XCBuildConfiguration;
			buildSettings = {
				ALWAYS_SEARCH_USER_PATHS = NO;
				CLANG_ANALYZER_NONNULL = YES;
				CLANG_ANALYZER_NUMBER_OBJECT_CONVERSION = YES_AGGRESSIVE;
				CLANG_CXX_LANGUAGE_STANDARD = "gnu++14";
				CLANG_CXX_LIBRARY = "libc++";
				CLANG_ENABLE_MODULES = YES;
				CLANG_ENABLE_OBJC_ARC = YES;
				CLANG_ENABLE_OBJC_WEAK = YES;
				CLANG_WARN_BLOCK_CAPTURE_AUTORELEASING = YES;
				CLANG_WARN_BOOL_CONVERSION = YES;
				CLANG_WARN_COMMA = YES;
				CLANG_WARN_CONSTANT_CONVERSION = YES;
				CLANG_WARN_DEPRECATED_OBJC_IMPLEMENTATIONS = YES;
				CLANG_WARN_DIRECT_OBJC_ISA_USAGE = YES_ERROR;
				CLANG_WARN_DOCUMENTATION_COMMENTS = YES;
				CLANG_WARN_EMPTY_BODY = YES;
				CLANG_WARN_ENUM_CONVERSION = YES;
				CLANG_WARN_INFINITE_RECURSION = YES;
				CLANG_WARN_INT_CONVERSION = YES;
				CLANG_WARN_NON_LITERAL_NULL_CONVERSION = YES;
				CLANG_WARN_OBJC_IMPLICIT_RETAIN_SELF = YES;
				CLANG_WARN_OBJC_LITERAL_CONVERSION = YES;
				CLANG_WARN_OBJC_ROOT_CLASS = YES_ERROR;
				CLANG_WARN_RANGE_LOOP_ANALYSIS = YES;
				CLANG_WARN_STRICT_PROTOTYPES = YES;
				CLANG_WARN_SUSPICIOUS_MOVE = YES;
				CLANG_WARN_UNGUARDED_AVAILABILITY = YES_AGGRESSIVE;
				CLANG_WARN_UNREACHABLE_CODE = YES;
				CLANG_WARN__DUPLICATE_METHOD_MATCH = YES;
				COPY_PHASE_STRIP = NO;
				DEBUG_INFORMATION_FORMAT = dwarf;
				ENABLE_STRICT_OBJC_MSGSEND = YES;
				ENABLE_TESTABILITY = YES;
				GCC_C_LANGUAGE_STANDARD = gnu11;
				GCC_DYNAMIC_NO_PIC = NO;
				GCC_NO_COMMON_BLOCKS = YES;
				GCC_OPTIMIZATION_LEVEL = 0;
				GCC_PREPROCESSOR_DEFINITIONS = (
					"DEBUG=1",
					"$(inherited)",
				);
				GCC_WARN_64_TO_32_BIT_CONVERSION = YES;
				GCC_WARN_ABOUT_RETURN_TYPE = YES_ERROR;
				GCC_WARN_UNDECLARED_SELECTOR = YES;
				GCC_WARN_UNINITIALIZED_AUTOS = YES_AGGRESSIVE;
				GCC_WARN_UNUSED_FUNCTION = YES;
				GCC_WARN_UNUSED_VARIABLE = YES;
				IPHONEOS_DEPLOYMENT_TARGET = 13.4;
				MTL_ENABLE_DEBUG_INFO = INCLUDE_SOURCE;
				MTL_FAST_MATH = YES;
				ONLY_ACTIVE_ARCH = YES;
				SDKROOT = iphoneos;
				SWIFT_ACTIVE_COMPILATION_CONDITIONS = DEBUG;
				SWIFT_OPTIMIZATION_LEVEL = "-Onone";
			};
			name = Debug;
		};
		7BED105D240C2EFF00F8CEFB /* Release */ = {
			isa = XCBuildConfiguration;
			buildSettings = {
				ALWAYS_SEARCH_USER_PATHS = NO;
				CLANG_ANALYZER_NONNULL = YES;
				CLANG_ANALYZER_NUMBER_OBJECT_CONVERSION = YES_AGGRESSIVE;
				CLANG_CXX_LANGUAGE_STANDARD = "gnu++14";
				CLANG_CXX_LIBRARY = "libc++";
				CLANG_ENABLE_MODULES = YES;
				CLANG_ENABLE_OBJC_ARC = YES;
				CLANG_ENABLE_OBJC_WEAK = YES;
				CLANG_WARN_BLOCK_CAPTURE_AUTORELEASING = YES;
				CLANG_WARN_BOOL_CONVERSION = YES;
				CLANG_WARN_COMMA = YES;
				CLANG_WARN_CONSTANT_CONVERSION = YES;
				CLANG_WARN_DEPRECATED_OBJC_IMPLEMENTATIONS = YES;
				CLANG_WARN_DIRECT_OBJC_ISA_USAGE = YES_ERROR;
				CLANG_WARN_DOCUMENTATION_COMMENTS = YES;
				CLANG_WARN_EMPTY_BODY = YES;
				CLANG_WARN_ENUM_CONVERSION = YES;
				CLANG_WARN_INFINITE_RECURSION = YES;
				CLANG_WARN_INT_CONVERSION = YES;
				CLANG_WARN_NON_LITERAL_NULL_CONVERSION = YES;
				CLANG_WARN_OBJC_IMPLICIT_RETAIN_SELF = YES;
				CLANG_WARN_OBJC_LITERAL_CONVERSION = YES;
				CLANG_WARN_OBJC_ROOT_CLASS = YES_ERROR;
				CLANG_WARN_RANGE_LOOP_ANALYSIS = YES;
				CLANG_WARN_STRICT_PROTOTYPES = YES;
				CLANG_WARN_SUSPICIOUS_MOVE = YES;
				CLANG_WARN_UNGUARDED_AVAILABILITY = YES_AGGRESSIVE;
				CLANG_WARN_UNREACHABLE_CODE = YES;
				CLANG_WARN__DUPLICATE_METHOD_MATCH = YES;
				COPY_PHASE_STRIP = NO;
				DEBUG_INFORMATION_FORMAT = "dwarf-with-dsym";
				ENABLE_NS_ASSERTIONS = NO;
				ENABLE_STRICT_OBJC_MSGSEND = YES;
				GCC_C_LANGUAGE_STANDARD = gnu11;
				GCC_NO_COMMON_BLOCKS = YES;
				GCC_WARN_64_TO_32_BIT_CONVERSION = YES;
				GCC_WARN_ABOUT_RETURN_TYPE = YES_ERROR;
				GCC_WARN_UNDECLARED_SELECTOR = YES;
				GCC_WARN_UNINITIALIZED_AUTOS = YES_AGGRESSIVE;
				GCC_WARN_UNUSED_FUNCTION = YES;
				GCC_WARN_UNUSED_VARIABLE = YES;
				IPHONEOS_DEPLOYMENT_TARGET = 13.4;
				MTL_ENABLE_DEBUG_INFO = NO;
				MTL_FAST_MATH = YES;
				SDKROOT = iphoneos;
				SWIFT_COMPILATION_MODE = wholemodule;
				SWIFT_OPTIMIZATION_LEVEL = "-O";
				VALIDATE_PRODUCT = YES;
			};
			name = Release;
		};
		7BED105F240C2EFF00F8CEFB /* Debug */ = {
			isa = XCBuildConfiguration;
			buildSettings = {
				ASSETCATALOG_COMPILER_APPICON_NAME = AppIcon;
				CODE_SIGN_STYLE = Automatic;
				DEVELOPMENT_TEAM = WA3N4ZXB33;
				INFOPLIST_FILE = ManagerBuddy/Info.plist;
				LD_RUNPATH_SEARCH_PATHS = (
					"$(inherited)",
					"@executable_path/Frameworks",
				);
				PRODUCT_BUNDLE_IDENTIFIER = amitgajjar.ManagerBuddy;
				PRODUCT_NAME = "$(TARGET_NAME)";
				SWIFT_VERSION = 5.0;
				TARGETED_DEVICE_FAMILY = "1,2";
			};
			name = Debug;
		};
		7BED1060240C2EFF00F8CEFB /* Release */ = {
			isa = XCBuildConfiguration;
			buildSettings = {
				ASSETCATALOG_COMPILER_APPICON_NAME = AppIcon;
				CODE_SIGN_STYLE = Automatic;
				DEVELOPMENT_TEAM = WA3N4ZXB33;
				INFOPLIST_FILE = ManagerBuddy/Info.plist;
				LD_RUNPATH_SEARCH_PATHS = (
					"$(inherited)",
					"@executable_path/Frameworks",
				);
				PRODUCT_BUNDLE_IDENTIFIER = amitgajjar.ManagerBuddy;
				PRODUCT_NAME = "$(TARGET_NAME)";
				SWIFT_VERSION = 5.0;
				TARGETED_DEVICE_FAMILY = "1,2";
			};
			name = Release;
		};
		7BED1062240C2EFF00F8CEFB /* Debug */ = {
			isa = XCBuildConfiguration;
			buildSettings = {
				ALWAYS_EMBED_SWIFT_STANDARD_LIBRARIES = YES;
				BUNDLE_LOADER = "$(TEST_HOST)";
				CODE_SIGN_STYLE = Automatic;
				DEVELOPMENT_TEAM = WA3N4ZXB33;
				INFOPLIST_FILE = ManagerBuddyTests/Info.plist;
				IPHONEOS_DEPLOYMENT_TARGET = 13.4;
				LD_RUNPATH_SEARCH_PATHS = (
					"$(inherited)",
					"@executable_path/Frameworks",
					"@loader_path/Frameworks",
				);
				PRODUCT_BUNDLE_IDENTIFIER = amitgajjar.ManagerBuddyTests;
				PRODUCT_NAME = "$(TARGET_NAME)";
				SWIFT_VERSION = 5.0;
				TARGETED_DEVICE_FAMILY = "1,2";
				TEST_HOST = "$(BUILT_PRODUCTS_DIR)/ManagerBuddy.app/ManagerBuddy";
			};
			name = Debug;
		};
		7BED1063240C2EFF00F8CEFB /* Release */ = {
			isa = XCBuildConfiguration;
			buildSettings = {
				ALWAYS_EMBED_SWIFT_STANDARD_LIBRARIES = YES;
				BUNDLE_LOADER = "$(TEST_HOST)";
				CODE_SIGN_STYLE = Automatic;
				DEVELOPMENT_TEAM = WA3N4ZXB33;
				INFOPLIST_FILE = ManagerBuddyTests/Info.plist;
				IPHONEOS_DEPLOYMENT_TARGET = 13.4;
				LD_RUNPATH_SEARCH_PATHS = (
					"$(inherited)",
					"@executable_path/Frameworks",
					"@loader_path/Frameworks",
				);
				PRODUCT_BUNDLE_IDENTIFIER = amitgajjar.ManagerBuddyTests;
				PRODUCT_NAME = "$(TARGET_NAME)";
				SWIFT_VERSION = 5.0;
				TARGETED_DEVICE_FAMILY = "1,2";
				TEST_HOST = "$(BUILT_PRODUCTS_DIR)/ManagerBuddy.app/ManagerBuddy";
			};
			name = Release;
		};
		7BED1065240C2EFF00F8CEFB /* Debug */ = {
			isa = XCBuildConfiguration;
			buildSettings = {
				ALWAYS_EMBED_SWIFT_STANDARD_LIBRARIES = YES;
				CODE_SIGN_STYLE = Automatic;
				DEVELOPMENT_TEAM = WA3N4ZXB33;
				INFOPLIST_FILE = ManagerBuddyUITests/Info.plist;
				LD_RUNPATH_SEARCH_PATHS = (
					"$(inherited)",
					"@executable_path/Frameworks",
					"@loader_path/Frameworks",
				);
				PRODUCT_BUNDLE_IDENTIFIER = amitgajjar.ManagerBuddyUITests;
				PRODUCT_NAME = "$(TARGET_NAME)";
				SWIFT_VERSION = 5.0;
				TARGETED_DEVICE_FAMILY = "1,2";
				TEST_TARGET_NAME = ManagerBuddy;
			};
			name = Debug;
		};
		7BED1066240C2EFF00F8CEFB /* Release */ = {
			isa = XCBuildConfiguration;
			buildSettings = {
				ALWAYS_EMBED_SWIFT_STANDARD_LIBRARIES = YES;
				CODE_SIGN_STYLE = Automatic;
				DEVELOPMENT_TEAM = WA3N4ZXB33;
				INFOPLIST_FILE = ManagerBuddyUITests/Info.plist;
				LD_RUNPATH_SEARCH_PATHS = (
					"$(inherited)",
					"@executable_path/Frameworks",
					"@loader_path/Frameworks",
				);
				PRODUCT_BUNDLE_IDENTIFIER = amitgajjar.ManagerBuddyUITests;
				PRODUCT_NAME = "$(TARGET_NAME)";
				SWIFT_VERSION = 5.0;
				TARGETED_DEVICE_FAMILY = "1,2";
				TEST_TARGET_NAME = ManagerBuddy;
			};
			name = Release;
		};
/* End XCBuildConfiguration section */

/* Begin XCConfigurationList section */
		7BED102C240C2EFB00F8CEFB /* Build configuration list for PBXProject "ManagerBuddy" */ = {
			isa = XCConfigurationList;
			buildConfigurations = (
				7BED105C240C2EFF00F8CEFB /* Debug */,
				7BED105D240C2EFF00F8CEFB /* Release */,
			);
			defaultConfigurationIsVisible = 0;
			defaultConfigurationName = Release;
		};
		7BED105E240C2EFF00F8CEFB /* Build configuration list for PBXNativeTarget "ManagerBuddy" */ = {
			isa = XCConfigurationList;
			buildConfigurations = (
				7BED105F240C2EFF00F8CEFB /* Debug */,
				7BED1060240C2EFF00F8CEFB /* Release */,
			);
			defaultConfigurationIsVisible = 0;
			defaultConfigurationName = Release;
		};
		7BED1061240C2EFF00F8CEFB /* Build configuration list for PBXNativeTarget "ManagerBuddyTests" */ = {
			isa = XCConfigurationList;
			buildConfigurations = (
				7BED1062240C2EFF00F8CEFB /* Debug */,
				7BED1063240C2EFF00F8CEFB /* Release */,
			);
			defaultConfigurationIsVisible = 0;
			defaultConfigurationName = Release;
		};
		7BED1064240C2EFF00F8CEFB /* Build configuration list for PBXNativeTarget "ManagerBuddyUITests" */ = {
			isa = XCConfigurationList;
			buildConfigurations = (
				7BED1065240C2EFF00F8CEFB /* Debug */,
				7BED1066240C2EFF00F8CEFB /* Release */,
			);
			defaultConfigurationIsVisible = 0;
			defaultConfigurationName = Release;
		};
/* End XCConfigurationList section */

/* Begin XCVersionGroup section */
		7BED103D240C2EFB00F8CEFB /* ManagerBuddy.xcdatamodeld */ = {
			isa = XCVersionGroup;
			children = (
				7BED103E240C2EFB00F8CEFB /* ManagerBuddy.xcdatamodel */,
			);
			currentVersion = 7BED103E240C2EFB00F8CEFB /* ManagerBuddy.xcdatamodel */;
			path = ManagerBuddy.xcdatamodeld;
			sourceTree = "<group>";
			versionGroupType = wrapper.xcdatamodel;
		};
/* End XCVersionGroup section */
	};
	rootObject = 7BED1029240C2EFB00F8CEFB /* Project object */;
}
